PODS:
  - ActionSheetPicker-3.0 (2.3.0)
  - Alamofire (4.7.3)
  - AppAuth (0.91.0)
  - HydraAsync (1.0.2)
  - Kingfisher (4.10.0)
  - OktaAuth (1.0.0):
    - AppAuth (~> 0.91.0)
    - HydraAsync (~> 1.0.1)
    - OktaJWT (~> 1.0.0)
    - Vinculum (~> 0.2.0)
  - OktaJWT (1.0.0)
  - PromiseKit (6.5.2):
    - PromiseKit/CorePromise (= 6.5.2)
    - PromiseKit/Foundation (= 6.5.2)
    - PromiseKit/UIKit (= 6.5.2)
  - PromiseKit/Alamofire (6.5.2):
    - Alamofire (~> 4.0)
    - PromiseKit/CorePromise
  - PromiseKit/CoreLocation (6.5.2):
    - PromiseKit/CorePromise
  - PromiseKit/CorePromise (6.5.2)
  - PromiseKit/Foundation (6.5.2):
    - PromiseKit/CorePromise
  - PromiseKit/UIKit (6.5.2):
    - PromiseKit/CorePromise
  - SideMenu (5.0.2)
  - Vinculum (0.2.0)

DEPENDENCIES:
  - ActionSheetPicker-3.0
  - Kingfisher
  - OktaAuth
  - PromiseKit
  - PromiseKit/Alamofire
  - PromiseKit/CoreLocation
  - SideMenu

SPEC CHECKSUMS:
  ActionSheetPicker-3.0: eef157d75e151f255c5333d26656c7fbfe905a51
  Alamofire: c7287b6e5d7da964a70935e5db17046b7fde6568
  AppAuth: 3e0dc9c00ef333dc62064e4830aa89b597ae8d2f
  HydraAsync: ed694146c649474ea44b3f40e04fe2b4362fb1e9
  Kingfisher: 43c4b802d8b5256cf1f4379e9cd10b329be6d3e2
  OktaAuth: df4e39a246c570a28865fed12acc84e011aba008
  OktaJWT: 4e03aee34aed9b0c5955c3bb19b3c11da8f4d5db
  PromiseKit: 27c1601bfb73405871b805bcb8cf7e55c4dad3db
  SideMenu: e5094f0b2e7d9609e100a90ae69025abd994f882
  Vinculum: cefd5ae89baf7598a8b53b447a18e6bcc8161380

PODFILE CHECKSUM: 11a88bd52c85853c175d1f73fd979f485bd5cdfa

COCOAPODS: 1.3.1
